
Microsoft Visual Studio Solution File, Format Version 12.00
# Visual Studio Version 17
VisualStudioVersion = 17.14.36301.6 d17.14
MinimumVisualStudioVersion = 10.0.40219.1
Project("{FAE04EC0-301F-11D3-BF4B-00C04F79EFBC}") = "LibraryProject.API", "LibraryProject.API\LibraryProject.API.csproj", "{4BEC496C-ACAB-4BD4-A23F-9660207B317D}"
EndProject
Project("{FAE04EC0-301F-11D3-BF4B-00C04F79EFBC}") = "LibraryProject.Domain", "LibraryProject.Domain\LibraryProject.Domain.csproj", "{EF30A1D7-A033-45B5-9407-E8A539F45A84}"
EndProject
Project("{FAE04EC0-301F-11D3-BF4B-00C04F79EFBC}") = "LibraryProject.Infrastructure", "LibraryProject.Infrastructure\LibraryProject.Infrastructure.csproj", "{533D6CC5-B9DE-4DA2-BD44-08751935CFDF}"
EndProject
Project("{FAE04EC0-301F-11D3-BF4B-00C04F79EFBC}") = "LibraryProject.Application", "LibraryProject.Application\LibraryProject.Application.csproj", "{1C9CC0F0-F3DE-4D9A-9084-AC5C940DBE46}"
EndProject
Project("{FAE04EC0-301F-11D3-BF4B-00C04F79EFBC}") = "LibraryProject.Tests", "LibraryProject.Tests\LibraryProject.Tests.csproj", "{A0D90358-091F-4128-BFDB-168A275126FC}"
EndProject
Global
	GlobalSection(SolutionConfigurationPlatforms) = preSolution
		Debug|Any CPU = Debug|Any CPU
		Release|Any CPU = Release|Any CPU
	EndGlobalSection
	GlobalSection(ProjectConfigurationPlatforms) = postSolution
		{4BEC496C-ACAB-4BD4-A23F-9660207B317D}.Debug|Any CPU.ActiveCfg = Debug|Any CPU
		{4BEC496C-ACAB-4BD4-A23F-9660207B317D}.Debug|Any CPU.Build.0 = Debug|Any CPU
		{4BEC496C-ACAB-4BD4-A23F-9660207B317D}.Release|Any CPU.ActiveCfg = Release|Any CPU
		{4BEC496C-ACAB-4BD4-A23F-9660207B317D}.Release|Any CPU.Build.0 = Release|Any CPU
		{EF30A1D7-A033-45B5-9407-E8A539F45A84}.Debug|Any CPU.ActiveCfg = Debug|Any CPU
		{EF30A1D7-A033-45B5-9407-E8A539F45A84}.Debug|Any CPU.Build.0 = Debug|Any CPU
		{EF30A1D7-A033-45B5-9407-E8A539F45A84}.Release|Any CPU.ActiveCfg = Release|Any CPU
		{EF30A1D7-A033-45B5-9407-E8A539F45A84}.Release|Any CPU.Build.0 = Release|Any CPU
		{533D6CC5-B9DE-4DA2-BD44-08751935CFDF}.Debug|Any CPU.ActiveCfg = Debug|Any CPU
		{533D6CC5-B9DE-4DA2-BD44-08751935CFDF}.Debug|Any CPU.Build.0 = Debug|Any CPU
		{533D6CC5-B9DE-4DA2-BD44-08751935CFDF}.Release|Any CPU.ActiveCfg = Release|Any CPU
		{533D6CC5-B9DE-4DA2-BD44-08751935CFDF}.Release|Any CPU.Build.0 = Release|Any CPU
		{1C9CC0F0-F3DE-4D9A-9084-AC5C940DBE46}.Debug|Any CPU.ActiveCfg = Debug|Any CPU
		{1C9CC0F0-F3DE-4D9A-9084-AC5C940DBE46}.Debug|Any CPU.Build.0 = Debug|Any CPU
		{1C9CC0F0-F3DE-4D9A-9084-AC5C940DBE46}.Release|Any CPU.ActiveCfg = Release|Any CPU
		{1C9CC0F0-F3DE-4D9A-9084-AC5C940DBE46}.Release|Any CPU.Build.0 = Release|Any CPU
		{A0D90358-091F-4128-BFDB-168A275126FC}.Debug|Any CPU.ActiveCfg = Debug|Any CPU
		{A0D90358-091F-4128-BFDB-168A275126FC}.Debug|Any CPU.Build.0 = Debug|Any CPU
		{A0D90358-091F-4128-BFDB-168A275126FC}.Release|Any CPU.ActiveCfg = Release|Any CPU
		{A0D90358-091F-4128-BFDB-168A275126FC}.Release|Any CPU.Build.0 = Release|Any CPU
	EndGlobalSection
	GlobalSection(SolutionProperties) = preSolution
		HideSolutionNode = FALSE
	EndGlobalSection
	GlobalSection(ExtensibilityGlobals) = postSolution
		SolutionGuid = {1A35ADE6-78D8-4D3B-AD23-E034B2442956}
	EndGlobalSection
EndGlobal
